
Microsoft Visual Studio Solution File, Format Version 12.00
# Visual Studio Version 17
VisualStudioVersion = 17.9.34728.123
MinimumVisualStudioVersion = 10.0.40219.1
Project("{FAE04EC0-301F-11D3-BF4B-00C04F79EFBC}") = "ClienteApp1", "ClienteApp1\ClienteApp1.csproj", "{F7D15D4F-57CA-4B74-8107-49A940C65CBB}"
EndProject
Global
	GlobalSection(SolutionConfigurationPlatforms) = preSolution
		Debug|Any CPU = Debug|Any CPU
		Release|Any CPU = Release|Any CPU
	EndGlobalSection
	GlobalSection(ProjectConfigurationPlatforms) = postSolution
		{F7D15D4F-57CA-4B74-8107-49A940C65CBB}.Debug|Any CPU.ActiveCfg = Debug|Any CPU
		{F7D15D4F-57CA-4B74-8107-49A940C65CBB}.Debug|Any CPU.Build.0 = Debug|Any CPU
		{F7D15D4F-57CA-4B74-8107-49A940C65CBB}.Release|Any CPU.ActiveCfg = Release|Any CPU
		{F7D15D4F-57CA-4B74-8107-49A940C65CBB}.Release|Any CPU.Build.0 = Release|Any CPU
	EndGlobalSection
	GlobalSection(SolutionProperties) = preSolution
		HideSolutionNode = FALSE
	EndGlobalSection
	GlobalSection(ExtensibilityGlobals) = postSolution
		SolutionGuid = {F60F87A0-4FD0-4B2A-910B-73373E7B4C23}
	EndGlobalSection
EndGlobal
